<?xml version="1.0" encoding="utf-8"?>
<Project ToolsVersion="12.0" xmlns="http://schemas.microsoft.com/developer/msbuild/2003">
  <ItemGroup>
    <ClInclude Include="$(MSBuildThisFileDirectory)targetver.h" />
    <ClInclude Include="$(MSBuildThisFileDirectory)pch.h" />
    <ClInclude Include="$(MSBuildThisFileDirectory)SaltyLib.h" />
    <ClInclude Include="$(MSBuildThisFileDirectory)CoreUtils.h" />
    <ClInclude Include="$(MSBuildThisFileDirectory)Stopwatch.h" />
    <ClInclude Include="$(MSBuildThisFileDirectory)MovingAverage.h" />
    <ClInclude Include="$(MSBuildThisFileDirectory)NES\Controller.h">
      <Filter>NES</Filter>
    </ClInclude>
    <ClInclude Include="$(MSBuildThisFileDirectory)NES\Cpu6502.h">
      <Filter>NES</Filter>
    </ClInclude>
    <ClInclude Include="$(MSBuildThisFileDirectory)NES\NES.h">
      <Filter>NES</Filter>
    </ClInclude>
    <ClInclude Include="$(MSBuildThisFileDirectory)NES\NESRom.h">
      <Filter>NES</Filter>
    </ClInclude>
    <ClInclude Include="$(MSBuildThisFileDirectory)NES\Ppu.h">
      <Filter>NES</Filter>
    </ClInclude>
    <ClInclude Include="$(MSBuildThisFileDirectory)NES\APU.h">
      <Filter>NES</Filter>
    </ClInclude>
    <ClInclude Include="$(MSBuildThisFileDirectory)NES\IMapper.h">
      <Filter>NES</Filter>
    </ClInclude>
  </ItemGroup>
  <ItemGroup>
    <ClCompile Include="$(MSBuildThisFileDirectory)pch.cpp">
      <PrecompiledHeader>Create</PrecompiledHeader>
    </ClCompile>
    <ClCompile Include="$(MSBuildThisFileDirectory)SaltyLib.cpp" />
    <ClCompile Include="$(MSBuildThisFileDirectory)Stopwatch.cpp" />
    <ClCompile Include="$(MSBuildThisFileDirectory)MovingAverage.cpp" />
    <ClCompile Include="$(MSBuildThisFileDirectory)NES\Controller.cpp">
      <Filter>NES</Filter>
    </ClCompile>
    <ClCompile Include="$(MSBuildThisFileDirectory)NES\Cpu6502.cpp">
      <Filter>NES</Filter>
    </ClCompile>
    <ClCompile Include="$(MSBuildThisFileDirectory)NES\NES.cpp">
      <Filter>NES</Filter>
    </ClCompile>
    <ClCompile Include="$(MSBuildThisFileDirectory)NES\NESRom.cpp">
      <Filter>NES</Filter>
    </ClCompile>
    <ClCompile Include="$(MSBuildThisFileDirectory)NES\Ppu.cpp">
      <Filter>NES</Filter>
    </ClCompile>
    <ClCompile Include="$(MSBuildThisFileDirectory)NES\APU.cpp">
      <Filter>NES</Filter>
    </ClCompile>
    <ClCompile Include="$(MSBuildThisFileDirectory)NES\Mappers\mmc1.cpp">
      <Filter>NES\Mappers</Filter>
    </ClCompile>
    <ClCompile Include="$(MSBuildThisFileDirectory)NES\Mappers\mmc0.cpp">
      <Filter>NES\Mappers</Filter>
    </ClCompile>
    <ClCompile Include="$(MSBuildThisFileDirectory)NES\Mappers\MapperFactory.cpp">
      <Filter>NES\Mappers</Filter>
    </ClCompile>
  </ItemGroup>
  <ItemGroup>
    <Filter Include="NES">
      <UniqueIdentifier>{691bde27-b021-4832-bfaa-b075c84c217e}</UniqueIdentifier>
    </Filter>
    <Filter Include="NES\Mappers">
      <UniqueIdentifier>{12fa3549-4aee-4bd0-9aff-0b501171927d}</UniqueIdentifier>
    </Filter>
  </ItemGroup>
</Project>