<?xml version="1.0" encoding="utf-8"?>
<Project ToolsVersion="4.0" xmlns="http://schemas.microsoft.com/developer/msbuild/2003">
  <ItemGroup>
    <Filter Include="Source Files">
      <UniqueIdentifier>{4FC737F1-C7A5-4376-A066-2A32D752A2FF}</UniqueIdentifier>
      <Extensions>cpp;c;cc;cxx;def;odl;idl;hpj;bat;asm;asmx</Extensions>
    </Filter>
    <Filter Include="Header Files">
      <UniqueIdentifier>{93995380-89BD-4b04-88EB-625FBE52EBFB}</UniqueIdentifier>
      <Extensions>h;hh;hpp;hxx;hm;inl;inc;xsd</Extensions>
    </Filter>
    <Filter Include="Resource Files">
      <UniqueIdentifier>{67DA6AB6-F800-4c08-8B7A-83BB121AAD01}</UniqueIdentifier>
      <Extensions>rc;ico;cur;bmp;dlg;rc2;rct;bin;rgs;gif;jpg;jpeg;jpe;resx;tiff;tif;png;wav;mfcribbon-ms</Extensions>
    </Filter>
    <Filter Include="Source Files\NES">
      <UniqueIdentifier>{19ec7fdd-b614-435a-98c2-1e35cae63a67}</UniqueIdentifier>
    </Filter>
    <Filter Include="Source Files\NES\Mappers">
      <UniqueIdentifier>{2e3ca071-b957-4e1a-83dd-66c5e42da2b8}</UniqueIdentifier>
    </Filter>
    <Filter Include="Source Files\Util">
      <UniqueIdentifier>{63e989c6-41b2-49b7-9745-eede881a8e42}</UniqueIdentifier>
    </Filter>
    <Filter Include="Header Files\NES">
      <UniqueIdentifier>{6754e34d-ad5e-4d98-b4ee-754166e6ee4c}</UniqueIdentifier>
    </Filter>
    <Filter Include="Header Files\Util">
      <UniqueIdentifier>{84ecfbd7-4eb1-4e98-8b5d-b6749e459711}</UniqueIdentifier>
    </Filter>
    <Filter Include="Source Files\NES\nes_apu">
      <UniqueIdentifier>{ea2e563b-e96f-45d8-a87f-28d08f6526df}</UniqueIdentifier>
    </Filter>
  </ItemGroup>
  <ItemGroup>
    <Text Include="ReadMe.txt" />
  </ItemGroup>
  <ItemGroup>
    <ClInclude Include="stdafx.h">
      <Filter>Header Files</Filter>
    </ClInclude>
    <ClInclude Include="targetver.h">
      <Filter>Header Files</Filter>
    </ClInclude>
    <ClInclude Include="NES\Mappers\BaseMapper.h">
      <Filter>Source Files\NES\Mappers</Filter>
    </ClInclude>
    <ClInclude Include="NES\APU.h">
      <Filter>Header Files\NES</Filter>
    </ClInclude>
    <ClInclude Include="NES\Mappers\BasePpuMemoryMap.h">
      <Filter>Header Files\NES</Filter>
    </ClInclude>
    <ClInclude Include="NES\Controller.h">
      <Filter>Header Files\NES</Filter>
    </ClInclude>
    <ClInclude Include="NES\Cpu6502.h">
      <Filter>Header Files\NES</Filter>
    </ClInclude>
    <ClInclude Include="NES\IMapper.h">
      <Filter>Header Files\NES</Filter>
    </ClInclude>
    <ClInclude Include="NES\NES.h">
      <Filter>Header Files\NES</Filter>
    </ClInclude>
    <ClInclude Include="NES\NESRom.h">
      <Filter>Header Files\NES</Filter>
    </ClInclude>
    <ClInclude Include="NES\Ppu.h">
      <Filter>Header Files\NES</Filter>
    </ClInclude>
    <ClInclude Include="Util\CoreUtils.h">
      <Filter>Header Files\Util</Filter>
    </ClInclude>
    <ClInclude Include="Util\MovingAverage.h">
      <Filter>Header Files\Util</Filter>
    </ClInclude>
    <ClInclude Include="Util\Stopwatch.h">
      <Filter>Header Files\Util</Filter>
    </ClInclude>
    <ClInclude Include="Util\ComPtr.h">
      <Filter>Header Files\Util</Filter>
    </ClInclude>
    <ClInclude Include="NES\nes_apu\apu_snapshot.h">
      <Filter>Source Files\NES\nes_apu</Filter>
    </ClInclude>
    <ClInclude Include="NES\nes_apu\blargg_common.h">
      <Filter>Source Files\NES\nes_apu</Filter>
    </ClInclude>
    <ClInclude Include="NES\nes_apu\blargg_source.h">
      <Filter>Source Files\NES\nes_apu</Filter>
    </ClInclude>
    <ClInclude Include="NES\nes_apu\Blip_Buffer.h">
      <Filter>Source Files\NES\nes_apu</Filter>
    </ClInclude>
    <ClInclude Include="NES\nes_apu\Blip_Synth.h">
      <Filter>Source Files\NES\nes_apu</Filter>
    </ClInclude>
    <ClInclude Include="NES\nes_apu\Multi_Buffer.h">
      <Filter>Source Files\NES\nes_apu</Filter>
    </ClInclude>
    <ClInclude Include="NES\nes_apu\Nes_Apu.h">
      <Filter>Source Files\NES\nes_apu</Filter>
    </ClInclude>
    <ClInclude Include="NES\nes_apu\Nes_Namco.h">
      <Filter>Source Files\NES\nes_apu</Filter>
    </ClInclude>
    <ClInclude Include="NES\nes_apu\Nes_Oscs.h">
      <Filter>Source Files\NES\nes_apu</Filter>
    </ClInclude>
    <ClInclude Include="NES\nes_apu\Nes_Vrc6.h">
      <Filter>Source Files\NES\nes_apu</Filter>
    </ClInclude>
    <ClInclude Include="NES\nes_apu\Nonlinear_Buffer.h">
      <Filter>Source Files\NES\nes_apu</Filter>
    </ClInclude>
    <ClInclude Include="NES\APU_blargg.h">
      <Filter>Header Files\NES</Filter>
    </ClInclude>
    <ClInclude Include="Util\IAudioDevice.h">
      <Filter>Header Files\Util</Filter>
    </ClInclude>
    <ClInclude Include="Core.h">
      <Filter>Header Files\Util</Filter>
    </ClInclude>
  </ItemGroup>
  <ItemGroup>
    <ClCompile Include="stdafx.cpp">
      <Filter>Source Files</Filter>
    </ClCompile>
    <ClCompile Include="NES\APU.cpp">
      <Filter>Source Files\NES</Filter>
    </ClCompile>
    <ClCompile Include="NES\Controller.cpp">
      <Filter>Source Files\NES</Filter>
    </ClCompile>
    <ClCompile Include="NES\Cpu6502.cpp">
      <Filter>Source Files\NES</Filter>
    </ClCompile>
    <ClCompile Include="NES\Ppu.cpp">
      <Filter>Source Files\NES</Filter>
    </ClCompile>
    <ClCompile Include="NES\NES.cpp">
      <Filter>Source Files\NES</Filter>
    </ClCompile>
    <ClCompile Include="NES\NESRom.cpp">
      <Filter>Source Files\NES</Filter>
    </ClCompile>
    <ClCompile Include="NES\Mappers\mmc1.cpp">
      <Filter>Source Files\NES\Mappers</Filter>
    </ClCompile>
    <ClCompile Include="NES\Mappers\mmc0.cpp">
      <Filter>Source Files\NES\Mappers</Filter>
    </ClCompile>
    <ClCompile Include="NES\Mappers\UxROM.cpp">
      <Filter>Source Files\NES\Mappers</Filter>
    </ClCompile>
    <ClCompile Include="NES\Mappers\BasePpuMemoryMap.cpp">
      <Filter>Source Files\NES\Mappers</Filter>
    </ClCompile>
    <ClCompile Include="NES\Mappers\MapperFactory.cpp">
      <Filter>Source Files\NES\Mappers</Filter>
    </ClCompile>
    <ClCompile Include="Util\MovingAverage.cpp">
      <Filter>Source Files\Util</Filter>
    </ClCompile>
    <ClCompile Include="Util\Stopwatch.cpp">
      <Filter>Source Files\Util</Filter>
    </ClCompile>
    <ClCompile Include="NES\Mappers\mmc5.cpp">
      <Filter>Source Files\NES\Mappers</Filter>
    </ClCompile>
    <ClCompile Include="NES\nes_apu\apu_snapshot.cpp">
      <Filter>Source Files\NES\nes_apu</Filter>
    </ClCompile>
    <ClCompile Include="NES\nes_apu\Blip_Buffer.cpp">
      <Filter>Source Files\NES\nes_apu</Filter>
    </ClCompile>
    <ClCompile Include="NES\nes_apu\Multi_Buffer.cpp">
      <Filter>Source Files\NES\nes_apu</Filter>
    </ClCompile>
    <ClCompile Include="NES\nes_apu\Nes_Apu.cpp">
      <Filter>Source Files\NES\nes_apu</Filter>
    </ClCompile>
    <ClCompile Include="NES\nes_apu\Nes_Namco.cpp">
      <Filter>Source Files\NES\nes_apu</Filter>
    </ClCompile>
    <ClCompile Include="NES\nes_apu\Nes_Oscs.cpp">
      <Filter>Source Files\NES\nes_apu</Filter>
    </ClCompile>
    <ClCompile Include="NES\nes_apu\Nes_Vrc6.cpp">
      <Filter>Source Files\NES\nes_apu</Filter>
    </ClCompile>
    <ClCompile Include="NES\nes_apu\Nonlinear_Buffer.cpp">
      <Filter>Source Files\NES\nes_apu</Filter>
    </ClCompile>
    <ClCompile Include="NES\APU_blargg.cpp">
      <Filter>Source Files\NES</Filter>
    </ClCompile>
    <ClCompile Include="Util\XAudioDevice.cpp">
      <Filter>Source Files\Util</Filter>
    </ClCompile>
    <ClCompile Include="NES\Mappers\cnrom.cpp">
      <Filter>Source Files\NES\Mappers</Filter>
    </ClCompile>
  </ItemGroup>
</Project>